
Microsoft Visual Studio Solution File, Format Version 12.00
# Visual Studio Version 17
VisualStudioVersion = 17.13.35806.99
MinimumVisualStudioVersion = 10.0.40219.1
Project("{FAE04EC0-301F-11D3-BF4B-00C04F79EFBC}") = "API_Calinout_Project", "API_Calinout_Project\API_Calinout_Project.csproj", "{C8831E74-6995-4DE1-B22C-E1365B30FE96}"
EndProject
Project("{FAE04EC0-301F-11D3-BF4B-00C04F79EFBC}") = "API_Calinout.Tests", "API_Calinout.Tests\API_Calinout.Tests.csproj", "{C0E469CB-08C0-4FE2-A90E-1760B58C721F}"
EndProject
Project("{2150E333-8FDC-42A3-9474-1A3956D46DE8}") = "LoadTests", "LoadTests", "{02EA681E-C7D8-13C7-8484-4AC65E1B71E8}"
	ProjectSection(SolutionItems) = preProject
		food_load_test.js = food_load_test.js
	EndProjectSection
EndProject
Global
	GlobalSection(SolutionConfigurationPlatforms) = preSolution
		Debug|Any CPU = Debug|Any CPU
		Release|Any CPU = Release|Any CPU
	EndGlobalSection
	GlobalSection(ProjectConfigurationPlatforms) = postSolution
		{C8831E74-6995-4DE1-B22C-E1365B30FE96}.Debug|Any CPU.ActiveCfg = Debug|Any CPU
		{C8831E74-6995-4DE1-B22C-E1365B30FE96}.Debug|Any CPU.Build.0 = Debug|Any CPU
		{C8831E74-6995-4DE1-B22C-E1365B30FE96}.Release|Any CPU.ActiveCfg = Release|Any CPU
		{C8831E74-6995-4DE1-B22C-E1365B30FE96}.Release|Any CPU.Build.0 = Release|Any CPU
		{C0E469CB-08C0-4FE2-A90E-1760B58C721F}.Debug|Any CPU.ActiveCfg = Debug|Any CPU
		{C0E469CB-08C0-4FE2-A90E-1760B58C721F}.Debug|Any CPU.Build.0 = Debug|Any CPU
		{C0E469CB-08C0-4FE2-A90E-1760B58C721F}.Release|Any CPU.ActiveCfg = Release|Any CPU
		{C0E469CB-08C0-4FE2-A90E-1760B58C721F}.Release|Any CPU.Build.0 = Release|Any CPU
	EndGlobalSection
	GlobalSection(SolutionProperties) = preSolution
		HideSolutionNode = FALSE
	EndGlobalSection
	GlobalSection(ExtensibilityGlobals) = postSolution
		SolutionGuid = {A194A10F-E5E6-40C3-B6A4-92A719A18258}
	EndGlobalSection
EndGlobal
